
Microsoft Visual Studio Solution File, Format Version 12.00
# Visual Studio Version 17
VisualStudioVersion = 17.6.33815.320
MinimumVisualStudioVersion = 10.0.40219.1
Project("{FAE04EC0-301F-11D3-BF4B-00C04F79EFBC}") = "ConApp_PlayerandTeamReaquiements", "ConApp_PlayerandTeamReaquiements.csproj", "{40C5DC37-F017-4EFA-8905-54453E92CAFF}"
EndProject
Global
	GlobalSection(SolutionConfigurationPlatforms) = preSolution
		Debug|Any CPU = Debug|Any CPU
		Release|Any CPU = Release|Any CPU
	EndGlobalSection
	GlobalSection(ProjectConfigurationPlatforms) = postSolution
		{40C5DC37-F017-4EFA-8905-54453E92CAFF}.Debug|Any CPU.ActiveCfg = Debug|Any CPU
		{40C5DC37-F017-4EFA-8905-54453E92CAFF}.Debug|Any CPU.Build.0 = Debug|Any CPU
		{40C5DC37-F017-4EFA-8905-54453E92CAFF}.Release|Any CPU.ActiveCfg = Release|Any CPU
		{40C5DC37-F017-4EFA-8905-54453E92CAFF}.Release|Any CPU.Build.0 = Release|Any CPU
	EndGlobalSection
	GlobalSection(SolutionProperties) = preSolution
		HideSolutionNode = FALSE
	EndGlobalSection
	GlobalSection(ExtensibilityGlobals) = postSolution
		SolutionGuid = {CDC2814E-159D-4707-AA19-F5ED89B7B9BC}
	EndGlobalSection
EndGlobal
